
Microsoft Visual Studio Solution File, Format Version 12.00
# Visual Studio 2013
VisualStudioVersion = 12.0.31101.0
MinimumVisualStudioVersion = 10.0.40219.1
Project("{FAE04EC0-301F-11D3-BF4B-00C04F79EFBC}") = "Torrentizer", "Torrentizer.csproj", "{8D837907-9D83-4DFA-89F6-DA0E911A4C47}"
EndProject
Project("{FAE04EC0-301F-11D3-BF4B-00C04F79EFBC}") = "MonoTorrent", "External\monotorrent\src\MonoTorrent\MonoTorrent.csproj", "{411A9E0E-FDC6-4E25-828A-0C2CD1CD96F8}"
EndProject
Global
	GlobalSection(SolutionConfigurationPlatforms) = preSolution
		Debug|Any CPU = Debug|Any CPU
		Release|Any CPU = Release|Any CPU
		Stats|Any CPU = Stats|Any CPU
	EndGlobalSection
	GlobalSection(ProjectConfigurationPlatforms) = postSolution
		{8D837907-9D83-4DFA-89F6-DA0E911A4C47}.Debug|Any CPU.ActiveCfg = Debug|Any CPU
		{8D837907-9D83-4DFA-89F6-DA0E911A4C47}.Debug|Any CPU.Build.0 = Debug|Any CPU
		{8D837907-9D83-4DFA-89F6-DA0E911A4C47}.Release|Any CPU.ActiveCfg = Release|Any CPU
		{8D837907-9D83-4DFA-89F6-DA0E911A4C47}.Release|Any CPU.Build.0 = Release|Any CPU
		{8D837907-9D83-4DFA-89F6-DA0E911A4C47}.Stats|Any CPU.ActiveCfg = Release|Any CPU
		{8D837907-9D83-4DFA-89F6-DA0E911A4C47}.Stats|Any CPU.Build.0 = Release|Any CPU
		{411A9E0E-FDC6-4E25-828A-0C2CD1CD96F8}.Debug|Any CPU.ActiveCfg = Debug|Any CPU
		{411A9E0E-FDC6-4E25-828A-0C2CD1CD96F8}.Debug|Any CPU.Build.0 = Debug|Any CPU
		{411A9E0E-FDC6-4E25-828A-0C2CD1CD96F8}.Release|Any CPU.ActiveCfg = Release|Any CPU
		{411A9E0E-FDC6-4E25-828A-0C2CD1CD96F8}.Release|Any CPU.Build.0 = Release|Any CPU
		{411A9E0E-FDC6-4E25-828A-0C2CD1CD96F8}.Stats|Any CPU.ActiveCfg = Stats|Any CPU
		{411A9E0E-FDC6-4E25-828A-0C2CD1CD96F8}.Stats|Any CPU.Build.0 = Stats|Any CPU
	EndGlobalSection
	GlobalSection(SolutionProperties) = preSolution
		HideSolutionNode = FALSE
	EndGlobalSection
EndGlobal
